// !$*UTF8*$!
{
	archiveVersion = 1;
	classes = {
	};
	objectVersion = 55;
	objects = {

/* Begin PBXBuildFile section */
		CD01510227DFB18B00C9E6F8 /* NavigationBarView.swift in Sources */ = {isa = PBXBuildFile; fileRef = CD01510127DFB18B00C9E6F8 /* NavigationBarView.swift */; };
		CD30C28527DFF1CE0099FCA6 /* AutoLayoutViewController.swift in Sources */ = {isa = PBXBuildFile; fileRef = CD30C28427DFF1CE0099FCA6 /* AutoLayoutViewController.swift */; };
		CD80177027DEAA9A00EFF407 /* CourseDescriptionModel.swift in Sources */ = {isa = PBXBuildFile; fileRef = CD80176F27DEAA9A00EFF407 /* CourseDescriptionModel.swift */; };
		CD80177227DEB07000EFF407 /* ALCourseCell.swift in Sources */ = {isa = PBXBuildFile; fileRef = CD80177127DEB07000EFF407 /* ALCourseCell.swift */; };
		CDD0E47027E79E5F00EA26F4 /* ManualLayoutViewController.swift in Sources */ = {isa = PBXBuildFile; fileRef = CDD0E46F27E79E5F00EA26F4 /* ManualLayoutViewController.swift */; };
		CDD0E47427E7C07100EA26F4 /* ManualLayoutCellView.swift in Sources */ = {isa = PBXBuildFile; fileRef = CDD0E47327E7C07100EA26F4 /* ManualLayoutCellView.swift */; };
		CDD0E47727E7C43500EA26F4 /* String+Extension.swift in Sources */ = {isa = PBXBuildFile; fileRef = CDD0E47627E7C43500EA26F4 /* String+Extension.swift */; };
		CDE78E2727D8E94B00FF08F4 /* AppDelegate.swift in Sources */ = {isa = PBXBuildFile; fileRef = CDE78E2627D8E94B00FF08F4 /* AppDelegate.swift */; };
		CDE78E2927D8E94B00FF08F4 /* SceneDelegate.swift in Sources */ = {isa = PBXBuildFile; fileRef = CDE78E2827D8E94B00FF08F4 /* SceneDelegate.swift */; };
		CDE78E3027D8E94C00FF08F4 /* Assets.xcassets in Resources */ = {isa = PBXBuildFile; fileRef = CDE78E2F27D8E94C00FF08F4 /* Assets.xcassets */; };
		CDE78E3327D8E94C00FF08F4 /* LaunchScreen.storyboard in Resources */ = {isa = PBXBuildFile; fileRef = CDE78E3127D8E94C00FF08F4 /* LaunchScreen.storyboard */; };
		CDE78E3D27D8EFBB00FF08F4 /* TabBarController.swift in Sources */ = {isa = PBXBuildFile; fileRef = CDE78E3C27D8EFBB00FF08F4 /* TabBarController.swift */; };
		CDE78E3F27D915E500FF08F4 /* AutoLayoutNavigationController.swift in Sources */ = {isa = PBXBuildFile; fileRef = CDE78E3E27D915E500FF08F4 /* AutoLayoutNavigationController.swift */; };
		CDE78E4527D917A200FF08F4 /* XIBController.swift in Sources */ = {isa = PBXBuildFile; fileRef = CDE78E4427D917A200FF08F4 /* XIBController.swift */; };
		CDE78E4727D917C300FF08F4 /* XIBView.xib in Resources */ = {isa = PBXBuildFile; fileRef = CDE78E4627D917C300FF08F4 /* XIBView.xib */; };
		CDE78E4927D917FC00FF08F4 /* ManualLayoutNavigationController.swift in Sources */ = {isa = PBXBuildFile; fileRef = CDE78E4827D917FC00FF08F4 /* ManualLayoutNavigationController.swift */; };
		CDE78E4B27D9181A00FF08F4 /* NavigationController.swift in Sources */ = {isa = PBXBuildFile; fileRef = CDE78E4A27D9181A00FF08F4 /* NavigationController.swift */; };
		CDE78E4D27D9182B00FF08F4 /* LargeNavigationController.swift in Sources */ = {isa = PBXBuildFile; fileRef = CDE78E4C27D9182B00FF08F4 /* LargeNavigationController.swift */; };
		CDE78E4F27D91C0C00FF08F4 /* XIBView.swift in Sources */ = {isa = PBXBuildFile; fileRef = CDE78E4E27D91C0C00FF08F4 /* XIBView.swift */; };
/* End PBXBuildFile section */

/* Begin PBXFileReference section */
		CD01510127DFB18B00C9E6F8 /* NavigationBarView.swift */ = {isa = PBXFileReference; lastKnownFileType = sourcecode.swift; path = NavigationBarView.swift; sourceTree = "<group>"; };
		CD30C28427DFF1CE0099FCA6 /* AutoLayoutViewController.swift */ = {isa = PBXFileReference; lastKnownFileType = sourcecode.swift; path = AutoLayoutViewController.swift; sourceTree = "<group>"; };
		CD80176F27DEAA9A00EFF407 /* CourseDescriptionModel.swift */ = {isa = PBXFileReference; lastKnownFileType = sourcecode.swift; path = CourseDescriptionModel.swift; sourceTree = "<group>"; };
		CD80177127DEB07000EFF407 /* ALCourseCell.swift */ = {isa = PBXFileReference; lastKnownFileType = sourcecode.swift; path = ALCourseCell.swift; sourceTree = "<group>"; };
		CDD0E46F27E79E5F00EA26F4 /* ManualLayoutViewController.swift */ = {isa = PBXFileReference; lastKnownFileType = sourcecode.swift; path = ManualLayoutViewController.swift; sourceTree = "<group>"; };
		CDD0E47327E7C07100EA26F4 /* ManualLayoutCellView.swift */ = {isa = PBXFileReference; lastKnownFileType = sourcecode.swift; path = ManualLayoutCellView.swift; sourceTree = "<group>"; };
		CDD0E47627E7C43500EA26F4 /* String+Extension.swift */ = {isa = PBXFileReference; lastKnownFileType = sourcecode.swift; path = "String+Extension.swift"; sourceTree = "<group>"; };
		CDE78E2327D8E94B00FF08F4 /* 1_UITabViewController.app */ = {isa = PBXFileReference; explicitFileType = wrapper.application; includeInIndex = 0; path = 1_UITabViewController.app; sourceTree = BUILT_PRODUCTS_DIR; };
		CDE78E2627D8E94B00FF08F4 /* AppDelegate.swift */ = {isa = PBXFileReference; lastKnownFileType = sourcecode.swift; path = AppDelegate.swift; sourceTree = "<group>"; };
		CDE78E2827D8E94B00FF08F4 /* SceneDelegate.swift */ = {isa = PBXFileReference; lastKnownFileType = sourcecode.swift; path = SceneDelegate.swift; sourceTree = "<group>"; };
		CDE78E2F27D8E94C00FF08F4 /* Assets.xcassets */ = {isa = PBXFileReference; lastKnownFileType = folder.assetcatalog; path = Assets.xcassets; sourceTree = "<group>"; };
		CDE78E3227D8E94C00FF08F4 /* Base */ = {isa = PBXFileReference; lastKnownFileType = file.storyboard; name = Base; path = Base.lproj/LaunchScreen.storyboard; sourceTree = "<group>"; };
		CDE78E3427D8E94C00FF08F4 /* Info.plist */ = {isa = PBXFileReference; lastKnownFileType = text.plist.xml; path = Info.plist; sourceTree = "<group>"; };
		CDE78E3C27D8EFBB00FF08F4 /* TabBarController.swift */ = {isa = PBXFileReference; lastKnownFileType = sourcecode.swift; path = TabBarController.swift; sourceTree = "<group>"; };
		CDE78E3E27D915E500FF08F4 /* AutoLayoutNavigationController.swift */ = {isa = PBXFileReference; lastKnownFileType = sourcecode.swift; path = AutoLayoutNavigationController.swift; sourceTree = "<group>"; };
		CDE78E4427D917A200FF08F4 /* XIBController.swift */ = {isa = PBXFileReference; lastKnownFileType = sourcecode.swift; path = XIBController.swift; sourceTree = "<group>"; };
		CDE78E4627D917C300FF08F4 /* XIBView.xib */ = {isa = PBXFileReference; lastKnownFileType = file.xib; path = XIBView.xib; sourceTree = "<group>"; };
		CDE78E4827D917FC00FF08F4 /* ManualLayoutNavigationController.swift */ = {isa = PBXFileReference; lastKnownFileType = sourcecode.swift; path = ManualLayoutNavigationController.swift; sourceTree = "<group>"; };
		CDE78E4A27D9181A00FF08F4 /* NavigationController.swift */ = {isa = PBXFileReference; lastKnownFileType = sourcecode.swift; path = NavigationController.swift; sourceTree = "<group>"; };
		CDE78E4C27D9182B00FF08F4 /* LargeNavigationController.swift */ = {isa = PBXFileReference; lastKnownFileType = sourcecode.swift; path = LargeNavigationController.swift; sourceTree = "<group>"; };
		CDE78E4E27D91C0C00FF08F4 /* XIBView.swift */ = {isa = PBXFileReference; lastKnownFileType = sourcecode.swift; path = XIBView.swift; sourceTree = "<group>"; };
/* End PBXFileReference section */

/* Begin PBXFrameworksBuildPhase section */
		CDE78E2027D8E94B00FF08F4 /* Frameworks */ = {
			isa = PBXFrameworksBuildPhase;
			buildActionMask = 2147483647;
			files = (
			);
			runOnlyForDeploymentPostprocessing = 0;
		};
/* End PBXFrameworksBuildPhase section */

/* Begin PBXGroup section */
		CD01510027DFADAB00C9E6F8 /* Views */ = {
			isa = PBXGroup;
			children = (
				CD01510127DFB18B00C9E6F8 /* NavigationBarView.swift */,
			);
			path = Views;
			sourceTree = "<group>";
		};
		CD80176827DE9A8C00EFF407 /* AutoLayout */ = {
			isa = PBXGroup;
			children = (
				CD80177127DEB07000EFF407 /* ALCourseCell.swift */,
				CD30C28427DFF1CE0099FCA6 /* AutoLayoutViewController.swift */,
			);
			path = AutoLayout;
			sourceTree = "<group>";
		};
		CD80176927DE9A9A00EFF407 /* ManualLayout */ = {
			isa = PBXGroup;
			children = (
				CDD0E46F27E79E5F00EA26F4 /* ManualLayoutViewController.swift */,
				CDD0E47327E7C07100EA26F4 /* ManualLayoutCellView.swift */,
			);
			path = ManualLayout;
			sourceTree = "<group>";
		};
		CD80176A27DE9AB100EFF407 /* NavigationController */ = {
			isa = PBXGroup;
			children = (
			);
			path = NavigationController;
			sourceTree = "<group>";
		};
		CD80176B27DE9ABF00EFF407 /* LargeNavigationController */ = {
			isa = PBXGroup;
			children = (
			);
			path = LargeNavigationController;
			sourceTree = "<group>";
		};
		CD80176C27DEA69800EFF407 /* Model */ = {
			isa = PBXGroup;
			children = (
				CD80176F27DEAA9A00EFF407 /* CourseDescriptionModel.swift */,
			);
			path = Model;
			sourceTree = "<group>";
		};
		CDD0E47527E7C41E00EA26F4 /* Helpers */ = {
			isa = PBXGroup;
			children = (
				CDD0E47627E7C43500EA26F4 /* String+Extension.swift */,
			);
			path = Helpers;
			sourceTree = "<group>";
		};
		CDE78E1A27D8E94B00FF08F4 = {
			isa = PBXGroup;
			children = (
				CDE78E2527D8E94B00FF08F4 /* 1_UITabViewController */,
				CDE78E2427D8E94B00FF08F4 /* Products */,
			);
			sourceTree = "<group>";
		};
		CDE78E2427D8E94B00FF08F4 /* Products */ = {
			isa = PBXGroup;
			children = (
				CDE78E2327D8E94B00FF08F4 /* 1_UITabViewController.app */,
			);
			name = Products;
			sourceTree = "<group>";
		};
		CDE78E2527D8E94B00FF08F4 /* 1_UITabViewController */ = {
			isa = PBXGroup;
			children = (
				CDD0E47527E7C41E00EA26F4 /* Helpers */,
				CD01510027DFADAB00C9E6F8 /* Views */,
				CD80176C27DEA69800EFF407 /* Model */,
				CD80176827DE9A8C00EFF407 /* AutoLayout */,
				CDE78E3B27D8EFA300FF08F4 /* XIB */,
				CD80176927DE9A9A00EFF407 /* ManualLayout */,
				CD80176A27DE9AB100EFF407 /* NavigationController */,
				CD80176B27DE9ABF00EFF407 /* LargeNavigationController */,
				CDE78E3A27D8EF9700FF08F4 /* ViewControllers */,
				CDE78E2627D8E94B00FF08F4 /* AppDelegate.swift */,
				CDE78E2827D8E94B00FF08F4 /* SceneDelegate.swift */,
				CDE78E3C27D8EFBB00FF08F4 /* TabBarController.swift */,
				CDE78E2F27D8E94C00FF08F4 /* Assets.xcassets */,
				CDE78E3127D8E94C00FF08F4 /* LaunchScreen.storyboard */,
				CDE78E3427D8E94C00FF08F4 /* Info.plist */,
			);
			path = 1_UITabViewController;
			sourceTree = "<group>";
		};
		CDE78E3A27D8EF9700FF08F4 /* ViewControllers */ = {
			isa = PBXGroup;
			children = (
				CDE78E3E27D915E500FF08F4 /* AutoLayoutNavigationController.swift */,
				CDE78E4427D917A200FF08F4 /* XIBController.swift */,
				CDE78E4827D917FC00FF08F4 /* ManualLayoutNavigationController.swift */,
				CDE78E4A27D9181A00FF08F4 /* NavigationController.swift */,
				CDE78E4C27D9182B00FF08F4 /* LargeNavigationController.swift */,
			);
			path = ViewControllers;
			sourceTree = "<group>";
		};
		CDE78E3B27D8EFA300FF08F4 /* XIB */ = {
			isa = PBXGroup;
			children = (
				CDE78E4627D917C300FF08F4 /* XIBView.xib */,
				CDE78E4E27D91C0C00FF08F4 /* XIBView.swift */,
			);
			path = XIB;
			sourceTree = "<group>";
		};
/* End PBXGroup section */

/* Begin PBXNativeTarget section */
		CDE78E2227D8E94B00FF08F4 /* 1_UITabViewController */ = {
			isa = PBXNativeTarget;
			buildConfigurationList = CDE78E3727D8E94C00FF08F4 /* Build configuration list for PBXNativeTarget "1_UITabViewController" */;
			buildPhases = (
				CDE78E1F27D8E94B00FF08F4 /* Sources */,
				CDE78E2027D8E94B00FF08F4 /* Frameworks */,
				CDE78E2127D8E94B00FF08F4 /* Resources */,
			);
			buildRules = (
			);
			dependencies = (
			);
			name = 1_UITabViewController;
			productName = 1_UITabViewController;
			productReference = CDE78E2327D8E94B00FF08F4 /* 1_UITabViewController.app */;
			productType = "com.apple.product-type.application";
		};
/* End PBXNativeTarget section */

/* Begin PBXProject section */
		CDE78E1B27D8E94B00FF08F4 /* Project object */ = {
			isa = PBXProject;
			attributes = {
				BuildIndependentTargetsInParallel = 1;
				LastSwiftUpdateCheck = 1320;
				LastUpgradeCheck = 1320;
				TargetAttributes = {
					CDE78E2227D8E94B00FF08F4 = {
						CreatedOnToolsVersion = 13.2.1;
					};
				};
			};
			buildConfigurationList = CDE78E1E27D8E94B00FF08F4 /* Build configuration list for PBXProject "1_UITabViewController" */;
			compatibilityVersion = "Xcode 13.0";
			developmentRegion = en;
			hasScannedForEncodings = 0;
			knownRegions = (
				en,
				Base,
			);
			mainGroup = CDE78E1A27D8E94B00FF08F4;
			productRefGroup = CDE78E2427D8E94B00FF08F4 /* Products */;
			projectDirPath = "";
			projectRoot = "";
			targets = (
				CDE78E2227D8E94B00FF08F4 /* 1_UITabViewController */,
			);
		};
/* End PBXProject section */

/* Begin PBXResourcesBuildPhase section */
		CDE78E2127D8E94B00FF08F4 /* Resources */ = {
			isa = PBXResourcesBuildPhase;
			buildActionMask = 2147483647;
			files = (
				CDE78E3327D8E94C00FF08F4 /* LaunchScreen.storyboard in Resources */,
				CDE78E3027D8E94C00FF08F4 /* Assets.xcassets in Resources */,
				CDE78E4727D917C300FF08F4 /* XIBView.xib in Resources */,
			);
			runOnlyForDeploymentPostprocessing = 0;
		};
/* End PBXResourcesBuildPhase section */

/* Begin PBXSourcesBuildPhase section */
		CDE78E1F27D8E94B00FF08F4 /* Sources */ = {
			isa = PBXSourcesBuildPhase;
			buildActionMask = 2147483647;
			files = (
				CDE78E4527D917A200FF08F4 /* XIBController.swift in Sources */,
				CDE78E4D27D9182B00FF08F4 /* LargeNavigationController.swift in Sources */,
				CD30C28527DFF1CE0099FCA6 /* AutoLayoutViewController.swift in Sources */,
				CD01510227DFB18B00C9E6F8 /* NavigationBarView.swift in Sources */,
				CDE78E3F27D915E500FF08F4 /* AutoLayoutNavigationController.swift in Sources */,
				CDE78E3D27D8EFBB00FF08F4 /* TabBarController.swift in Sources */,
				CDE78E4927D917FC00FF08F4 /* ManualLayoutNavigationController.swift in Sources */,
				CDE78E2727D8E94B00FF08F4 /* AppDelegate.swift in Sources */,
				CDD0E47727E7C43500EA26F4 /* String+Extension.swift in Sources */,
				CD80177227DEB07000EFF407 /* ALCourseCell.swift in Sources */,
				CD80177027DEAA9A00EFF407 /* CourseDescriptionModel.swift in Sources */,
				CDD0E47027E79E5F00EA26F4 /* ManualLayoutViewController.swift in Sources */,
				CDD0E47427E7C07100EA26F4 /* ManualLayoutCellView.swift in Sources */,
				CDE78E4B27D9181A00FF08F4 /* NavigationController.swift in Sources */,
				CDE78E2927D8E94B00FF08F4 /* SceneDelegate.swift in Sources */,
				CDE78E4F27D91C0C00FF08F4 /* XIBView.swift in Sources */,
			);
			runOnlyForDeploymentPostprocessing = 0;
		};
/* End PBXSourcesBuildPhase section */

/* Begin PBXVariantGroup section */
		CDE78E3127D8E94C00FF08F4 /* LaunchScreen.storyboard */ = {
			isa = PBXVariantGroup;
			children = (
				CDE78E3227D8E94C00FF08F4 /* Base */,
			);
			name = LaunchScreen.storyboard;
			sourceTree = "<group>";
		};
/* End PBXVariantGroup section */

/* Begin XCBuildConfiguration section */
		CDE78E3527D8E94C00FF08F4 /* Debug */ = {
			isa = XCBuildConfiguration;
			buildSettings = {
				ALWAYS_SEARCH_USER_PATHS = NO;
				CLANG_ANALYZER_NONNULL = YES;
				CLANG_ANALYZER_NUMBER_OBJECT_CONVERSION = YES_AGGRESSIVE;
				CLANG_CXX_LANGUAGE_STANDARD = "gnu++17";
				CLANG_CXX_LIBRARY = "libc++";
				CLANG_ENABLE_MODULES = YES;
				CLANG_ENABLE_OBJC_ARC = YES;
				CLANG_ENABLE_OBJC_WEAK = YES;
				CLANG_WARN_BLOCK_CAPTURE_AUTORELEASING = YES;
				CLANG_WARN_BOOL_CONVERSION = YES;
				CLANG_WARN_COMMA = YES;
				CLANG_WARN_CONSTANT_CONVERSION = YES;
				CLANG_WARN_DEPRECATED_OBJC_IMPLEMENTATIONS = YES;
				CLANG_WARN_DIRECT_OBJC_ISA_USAGE = YES_ERROR;
				CLANG_WARN_DOCUMENTATION_COMMENTS = YES;
				CLANG_WARN_EMPTY_BODY = YES;
				CLANG_WARN_ENUM_CONVERSION = YES;
				CLANG_WARN_INFINITE_RECURSION = YES;
				CLANG_WARN_INT_CONVERSION = YES;
				CLANG_WARN_NON_LITERAL_NULL_CONVERSION = YES;
				CLANG_WARN_OBJC_IMPLICIT_RETAIN_SELF = YES;
				CLANG_WARN_OBJC_LITERAL_CONVERSION = YES;
				CLANG_WARN_OBJC_ROOT_CLASS = YES_ERROR;
				CLANG_WARN_QUOTED_INCLUDE_IN_FRAMEWORK_HEADER = YES;
				CLANG_WARN_RANGE_LOOP_ANALYSIS = YES;
				CLANG_WARN_STRICT_PROTOTYPES = YES;
				CLANG_WARN_SUSPICIOUS_MOVE = YES;
				CLANG_WARN_UNGUARDED_AVAILABILITY = YES_AGGRESSIVE;
				CLANG_WARN_UNREACHABLE_CODE = YES;
				CLANG_WARN__DUPLICATE_METHOD_MATCH = YES;
				COPY_PHASE_STRIP = NO;
				DEBUG_INFORMATION_FORMAT = dwarf;
				ENABLE_STRICT_OBJC_MSGSEND = YES;
				ENABLE_TESTABILITY = YES;
				GCC_C_LANGUAGE_STANDARD = gnu11;
				GCC_DYNAMIC_NO_PIC = NO;
				GCC_NO_COMMON_BLOCKS = YES;
				GCC_OPTIMIZATION_LEVEL = 0;
				GCC_PREPROCESSOR_DEFINITIONS = (
					"DEBUG=1",
					"$(inherited)",
				);
				GCC_WARN_64_TO_32_BIT_CONVERSION = YES;
				GCC_WARN_ABOUT_RETURN_TYPE = YES_ERROR;
				GCC_WARN_UNDECLARED_SELECTOR = YES;
				GCC_WARN_UNINITIALIZED_AUTOS = YES_AGGRESSIVE;
				GCC_WARN_UNUSED_FUNCTION = YES;
				GCC_WARN_UNUSED_VARIABLE = YES;
				IPHONEOS_DEPLOYMENT_TARGET = 15.2;
				MTL_ENABLE_DEBUG_INFO = INCLUDE_SOURCE;
				MTL_FAST_MATH = YES;
				ONLY_ACTIVE_ARCH = YES;
				SDKROOT = iphoneos;
				SWIFT_ACTIVE_COMPILATION_CONDITIONS = DEBUG;
				SWIFT_OPTIMIZATION_LEVEL = "-Onone";
			};
			name = Debug;
		};
		CDE78E3627D8E94C00FF08F4 /* Release */ = {
			isa = XCBuildConfiguration;
			buildSettings = {
				ALWAYS_SEARCH_USER_PATHS = NO;
				CLANG_ANALYZER_NONNULL = YES;
				CLANG_ANALYZER_NUMBER_OBJECT_CONVERSION = YES_AGGRESSIVE;
				CLANG_CXX_LANGUAGE_STANDARD = "gnu++17";
				CLANG_CXX_LIBRARY = "libc++";
				CLANG_ENABLE_MODULES = YES;
				CLANG_ENABLE_OBJC_ARC = YES;
				CLANG_ENABLE_OBJC_WEAK = YES;
				CLANG_WARN_BLOCK_CAPTURE_AUTORELEASING = YES;
				CLANG_WARN_BOOL_CONVERSION = YES;
				CLANG_WARN_COMMA = YES;
				CLANG_WARN_CONSTANT_CONVERSION = YES;
				CLANG_WARN_DEPRECATED_OBJC_IMPLEMENTATIONS = YES;
				CLANG_WARN_DIRECT_OBJC_ISA_USAGE = YES_ERROR;
				CLANG_WARN_DOCUMENTATION_COMMENTS = YES;
				CLANG_WARN_EMPTY_BODY = YES;
				CLANG_WARN_ENUM_CONVERSION = YES;
				CLANG_WARN_INFINITE_RECURSION = YES;
				CLANG_WARN_INT_CONVERSION = YES;
				CLANG_WARN_NON_LITERAL_NULL_CONVERSION = YES;
				CLANG_WARN_OBJC_IMPLICIT_RETAIN_SELF = YES;
				CLANG_WARN_OBJC_LITERAL_CONVERSION = YES;
				CLANG_WARN_OBJC_ROOT_CLASS = YES_ERROR;
				CLANG_WARN_QUOTED_INCLUDE_IN_FRAMEWORK_HEADER = YES;
				CLANG_WARN_RANGE_LOOP_ANALYSIS = YES;
				CLANG_WARN_STRICT_PROTOTYPES = YES;
				CLANG_WARN_SUSPICIOUS_MOVE = YES;
				CLANG_WARN_UNGUARDED_AVAILABILITY = YES_AGGRESSIVE;
				CLANG_WARN_UNREACHABLE_CODE = YES;
				CLANG_WARN__DUPLICATE_METHOD_MATCH = YES;
				COPY_PHASE_STRIP = NO;
				DEBUG_INFORMATION_FORMAT = "dwarf-with-dsym";
				ENABLE_NS_ASSERTIONS = NO;
				ENABLE_STRICT_OBJC_MSGSEND = YES;
				GCC_C_LANGUAGE_STANDARD = gnu11;
				GCC_NO_COMMON_BLOCKS = YES;
				GCC_WARN_64_TO_32_BIT_CONVERSION = YES;
				GCC_WARN_ABOUT_RETURN_TYPE = YES_ERROR;
				GCC_WARN_UNDECLARED_SELECTOR = YES;
				GCC_WARN_UNINITIALIZED_AUTOS = YES_AGGRESSIVE;
				GCC_WARN_UNUSED_FUNCTION = YES;
				GCC_WARN_UNUSED_VARIABLE = YES;
				IPHONEOS_DEPLOYMENT_TARGET = 15.2;
				MTL_ENABLE_DEBUG_INFO = NO;
				MTL_FAST_MATH = YES;
				SDKROOT = iphoneos;
				SWIFT_COMPILATION_MODE = wholemodule;
				SWIFT_OPTIMIZATION_LEVEL = "-O";
				VALIDATE_PRODUCT = YES;
			};
			name = Release;
		};
		CDE78E3827D8E94C00FF08F4 /* Debug */ = {
			isa = XCBuildConfiguration;
			buildSettings = {
				ASSETCATALOG_COMPILER_APPICON_NAME = AppIcon;
				ASSETCATALOG_COMPILER_GLOBAL_ACCENT_COLOR_NAME = AccentColor;
				CODE_SIGN_STYLE = Automatic;
				CURRENT_PROJECT_VERSION = 1;
				DEVELOPMENT_TEAM = 9JW79G9P9S;
				GENERATE_INFOPLIST_FILE = YES;
				INFOPLIST_FILE = 1_UITabViewController/Info.plist;
				INFOPLIST_KEY_UIApplicationSupportsIndirectInputEvents = YES;
				INFOPLIST_KEY_UILaunchStoryboardName = LaunchScreen;
				INFOPLIST_KEY_UISupportedInterfaceOrientations_iPad = "UIInterfaceOrientationPortrait UIInterfaceOrientationPortraitUpsideDown UIInterfaceOrientationLandscapeLeft UIInterfaceOrientationLandscapeRight";
				INFOPLIST_KEY_UISupportedInterfaceOrientations_iPhone = "UIInterfaceOrientationPortrait UIInterfaceOrientationLandscapeLeft UIInterfaceOrientationLandscapeRight";
				LD_RUNPATH_SEARCH_PATHS = (
					"$(inherited)",
					"@executable_path/Frameworks",
				);
				MARKETING_VERSION = 1.0;
				PRODUCT_BUNDLE_IDENTIFIER = "Sergeev.David.--UITabViewController";
				PRODUCT_NAME = "$(TARGET_NAME)";
				SWIFT_EMIT_LOC_STRINGS = YES;
				SWIFT_VERSION = 5.0;
				TARGETED_DEVICE_FAMILY = "1,2";
			};
			name = Debug;
		};
		CDE78E3927D8E94C00FF08F4 /* Release */ = {
			isa = XCBuildConfiguration;
			buildSettings = {
				ASSETCATALOG_COMPILER_APPICON_NAME = AppIcon;
				ASSETCATALOG_COMPILER_GLOBAL_ACCENT_COLOR_NAME = AccentColor;
				CODE_SIGN_STYLE = Automatic;
				CURRENT_PROJECT_VERSION = 1;
				DEVELOPMENT_TEAM = 9JW79G9P9S;
				GENERATE_INFOPLIST_FILE = YES;
				INFOPLIST_FILE = 1_UITabViewController/Info.plist;
				INFOPLIST_KEY_UIApplicationSupportsIndirectInputEvents = YES;
				INFOPLIST_KEY_UILaunchStoryboardName = LaunchScreen;
				INFOPLIST_KEY_UISupportedInterfaceOrientations_iPad = "UIInterfaceOrientationPortrait UIInterfaceOrientationPortraitUpsideDown UIInterfaceOrientationLandscapeLeft UIInterfaceOrientationLandscapeRight";
				INFOPLIST_KEY_UISupportedInterfaceOrientations_iPhone = "UIInterfaceOrientationPortrait UIInterfaceOrientationLandscapeLeft UIInterfaceOrientationLandscapeRight";
				LD_RUNPATH_SEARCH_PATHS = (
					"$(inherited)",
					"@executable_path/Frameworks",
				);
				MARKETING_VERSION = 1.0;
				PRODUCT_BUNDLE_IDENTIFIER = "Sergeev.David.--UITabViewController";
				PRODUCT_NAME = "$(TARGET_NAME)";
				SWIFT_EMIT_LOC_STRINGS = YES;
				SWIFT_VERSION = 5.0;
				TARGETED_DEVICE_FAMILY = "1,2";
			};
			name = Release;
		};
/* End XCBuildConfiguration section */

/* Begin XCConfigurationList section */
		CDE78E1E27D8E94B00FF08F4 /* Build configuration list for PBXProject "1_UITabViewController" */ = {
			isa = XCConfigurationList;
			buildConfigurations = (
				CDE78E3527D8E94C00FF08F4 /* Debug */,
				CDE78E3627D8E94C00FF08F4 /* Release */,
			);
			defaultConfigurationIsVisible = 0;
			defaultConfigurationName = Release;
		};
		CDE78E3727D8E94C00FF08F4 /* Build configuration list for PBXNativeTarget "1_UITabViewController" */ = {
			isa = XCConfigurationList;
			buildConfigurations = (
				CDE78E3827D8E94C00FF08F4 /* Debug */,
				CDE78E3927D8E94C00FF08F4 /* Release */,
			);
			defaultConfigurationIsVisible = 0;
			defaultConfigurationName = Release;
		};
/* End XCConfigurationList section */
	};
	rootObject = CDE78E1B27D8E94B00FF08F4 /* Project object */;
}
